// !$*UTF8*$!
{
	archiveVersion = 1;
	classes = {
	};
	objectVersion = 46;
	objects = {

/* Begin PBXBuildFile section */
		EC173C0819CCAEE300FF55BF /* AppDelegate.swift in Sources */ = {isa = PBXBuildFile; fileRef = EC173C0719CCAEE300FF55BF /* AppDelegate.swift */; };
		EC173C0A19CCAEE300FF55BF /* ViewController.swift in Sources */ = {isa = PBXBuildFile; fileRef = EC173C0919CCAEE300FF55BF /* ViewController.swift */; };
		EC173C0D19CCAEE300FF55BF /* Main.storyboard in Resources */ = {isa = PBXBuildFile; fileRef = EC173C0B19CCAEE300FF55BF /* Main.storyboard */; };
		EC173C0F19CCAEE300FF55BF /* Images.xcassets in Resources */ = {isa = PBXBuildFile; fileRef = EC173C0E19CCAEE300FF55BF /* Images.xcassets */; };
		EC173C1219CCAEE300FF55BF /* LaunchScreen.xib in Resources */ = {isa = PBXBuildFile; fileRef = EC173C1019CCAEE300FF55BF /* LaunchScreen.xib */; };
		EC173C1E19CCAEE300FF55BF /* CustomKeyboardSampleTests.swift in Sources */ = {isa = PBXBuildFile; fileRef = EC173C1D19CCAEE300FF55BF /* CustomKeyboardSampleTests.swift */; };
		EC173C3019CCAEF300FF55BF /* KeyboardViewController.swift in Sources */ = {isa = PBXBuildFile; fileRef = EC173C2F19CCAEF300FF55BF /* KeyboardViewController.swift */; };
		EC173C3319CCAEF300FF55BF /* CustomKeyboard.appex in Embed App Extensions */ = {isa = PBXBuildFile; fileRef = EC173C2B19CCAEF300FF55BF /* CustomKeyboard.appex */; settings = {ATTRIBUTES = (RemoveHeadersOnCopy, ); }; };
/* End PBXBuildFile section */

/* Begin PBXContainerItemProxy section */
		EC173C1819CCAEE300FF55BF /* PBXContainerItemProxy */ = {
			isa = PBXContainerItemProxy;
			containerPortal = EC173BFA19CCAEE300FF55BF /* Project object */;
			proxyType = 1;
			remoteGlobalIDString = EC173C0119CCAEE300FF55BF;
			remoteInfo = CustomKeyboardSample;
		};
		EC173C3119CCAEF300FF55BF /* PBXContainerItemProxy */ = {
			isa = PBXContainerItemProxy;
			containerPortal = EC173BFA19CCAEE300FF55BF /* Project object */;
			proxyType = 1;
			remoteGlobalIDString = EC173C2A19CCAEF300FF55BF;
			remoteInfo = CustomKeyboard;
		};
		EC173C3419CCAEF300FF55BF /* PBXContainerItemProxy */ = {
			isa = PBXContainerItemProxy;
			containerPortal = EC173BFA19CCAEE300FF55BF /* Project object */;
			proxyType = 1;
			remoteGlobalIDString = EC173C2A19CCAEF300FF55BF;
			remoteInfo = CustomKeyboard;
		};
/* End PBXContainerItemProxy section */

/* Begin PBXCopyFilesBuildPhase section */
		EC173C3919CCAEF300FF55BF /* Embed App Extensions */ = {
			isa = PBXCopyFilesBuildPhase;
			buildActionMask = 2147483647;
			dstPath = "";
			dstSubfolderSpec = 13;
			files = (
				EC173C3319CCAEF300FF55BF /* CustomKeyboard.appex in Embed App Extensions */,
			);
			name = "Embed App Extensions";
			runOnlyForDeploymentPostprocessing = 0;
		};
/* End PBXCopyFilesBuildPhase section */

/* Begin PBXFileReference section */
		EC173C0219CCAEE300FF55BF /* CustomKeyboardSample.app */ = {isa = PBXFileReference; explicitFileType = wrapper.application; includeInIndex = 0; path = CustomKeyboardSample.app; sourceTree = BUILT_PRODUCTS_DIR; };
		EC173C0619CCAEE300FF55BF /* Info.plist */ = {isa = PBXFileReference; lastKnownFileType = text.plist.xml; path = Info.plist; sourceTree = "<group>"; };
		EC173C0719CCAEE300FF55BF /* AppDelegate.swift */ = {isa = PBXFileReference; lastKnownFileType = sourcecode.swift; path = AppDelegate.swift; sourceTree = "<group>"; };
		EC173C0919CCAEE300FF55BF /* ViewController.swift */ = {isa = PBXFileReference; lastKnownFileType = sourcecode.swift; path = ViewController.swift; sourceTree = "<group>"; };
		EC173C0C19CCAEE300FF55BF /* Base */ = {isa = PBXFileReference; lastKnownFileType = file.storyboard; name = Base; path = Base.lproj/Main.storyboard; sourceTree = "<group>"; };
		EC173C0E19CCAEE300FF55BF /* Images.xcassets */ = {isa = PBXFileReference; lastKnownFileType = folder.assetcatalog; path = Images.xcassets; sourceTree = "<group>"; };
		EC173C1119CCAEE300FF55BF /* Base */ = {isa = PBXFileReference; lastKnownFileType = file.xib; name = Base; path = Base.lproj/LaunchScreen.xib; sourceTree = "<group>"; };
		EC173C1719CCAEE300FF55BF /* CustomKeyboardSampleTests.xctest */ = {isa = PBXFileReference; explicitFileType = wrapper.cfbundle; includeInIndex = 0; path = CustomKeyboardSampleTests.xctest; sourceTree = BUILT_PRODUCTS_DIR; };
		EC173C1C19CCAEE300FF55BF /* Info.plist */ = {isa = PBXFileReference; lastKnownFileType = text.plist.xml; path = Info.plist; sourceTree = "<group>"; };
		EC173C1D19CCAEE300FF55BF /* CustomKeyboardSampleTests.swift */ = {isa = PBXFileReference; lastKnownFileType = sourcecode.swift; path = CustomKeyboardSampleTests.swift; sourceTree = "<group>"; };
		EC173C2B19CCAEF300FF55BF /* CustomKeyboard.appex */ = {isa = PBXFileReference; explicitFileType = "wrapper.app-extension"; includeInIndex = 0; path = CustomKeyboard.appex; sourceTree = BUILT_PRODUCTS_DIR; };
		EC173C2E19CCAEF300FF55BF /* Info.plist */ = {isa = PBXFileReference; lastKnownFileType = text.plist.xml; path = Info.plist; sourceTree = "<group>"; };
		EC173C2F19CCAEF300FF55BF /* KeyboardViewController.swift */ = {isa = PBXFileReference; lastKnownFileType = sourcecode.swift; path = KeyboardViewController.swift; sourceTree = "<group>"; };
/* End PBXFileReference section */

/* Begin PBXFrameworksBuildPhase section */
		EC173BFF19CCAEE300FF55BF /* Frameworks */ = {
			isa = PBXFrameworksBuildPhase;
			buildActionMask = 2147483647;
			files = (
			);
			runOnlyForDeploymentPostprocessing = 0;
		};
		EC173C1419CCAEE300FF55BF /* Frameworks */ = {
			isa = PBXFrameworksBuildPhase;
			buildActionMask = 2147483647;
			files = (
			);
			runOnlyForDeploymentPostprocessing = 0;
		};
		EC173C2819CCAEF300FF55BF /* Frameworks */ = {
			isa = PBXFrameworksBuildPhase;
			buildActionMask = 2147483647;
			files = (
			);
			runOnlyForDeploymentPostprocessing = 0;
		};
/* End PBXFrameworksBuildPhase section */

/* Begin PBXGroup section */
		EC173BF919CCAEE300FF55BF = {
			isa = PBXGroup;
			children = (
				EC173C0419CCAEE300FF55BF /* CustomKeyboardSample */,
				EC173C1A19CCAEE300FF55BF /* CustomKeyboardSampleTests */,
				EC173C2C19CCAEF300FF55BF /* CustomKeyboard */,
				EC173C0319CCAEE300FF55BF /* Products */,
			);
			sourceTree = "<group>";
		};
		EC173C0319CCAEE300FF55BF /* Products */ = {
			isa = PBXGroup;
			children = (
				EC173C0219CCAEE300FF55BF /* CustomKeyboardSample.app */,
				EC173C1719CCAEE300FF55BF /* CustomKeyboardSampleTests.xctest */,
				EC173C2B19CCAEF300FF55BF /* CustomKeyboard.appex */,
			);
			name = Products;
			sourceTree = "<group>";
		};
		EC173C0419CCAEE300FF55BF /* CustomKeyboardSample */ = {
			isa = PBXGroup;
			children = (
				EC173C0719CCAEE300FF55BF /* AppDelegate.swift */,
				EC173C0919CCAEE300FF55BF /* ViewController.swift */,
				EC173C0B19CCAEE300FF55BF /* Main.storyboard */,
				EC173C0E19CCAEE300FF55BF /* Images.xcassets */,
				EC173C1019CCAEE300FF55BF /* LaunchScreen.xib */,
				EC173C0519CCAEE300FF55BF /* Supporting Files */,
			);
			path = CustomKeyboardSample;
			sourceTree = "<group>";
		};
		EC173C0519CCAEE300FF55BF /* Supporting Files */ = {
			isa = PBXGroup;
			children = (
				EC173C0619CCAEE300FF55BF /* Info.plist */,
			);
			name = "Supporting Files";
			sourceTree = "<group>";
		};
		EC173C1A19CCAEE300FF55BF /* CustomKeyboardSampleTests */ = {
			isa = PBXGroup;
			children = (
				EC173C1D19CCAEE300FF55BF /* CustomKeyboardSampleTests.swift */,
				EC173C1B19CCAEE300FF55BF /* Supporting Files */,
			);
			path = CustomKeyboardSampleTests;
			sourceTree = "<group>";
		};
		EC173C1B19CCAEE300FF55BF /* Supporting Files */ = {
			isa = PBXGroup;
			children = (
				EC173C1C19CCAEE300FF55BF /* Info.plist */,
			);
			name = "Supporting Files";
			sourceTree = "<group>";
		};
		EC173C2C19CCAEF300FF55BF /* CustomKeyboard */ = {
			isa = PBXGroup;
			children = (
				EC173C2F19CCAEF300FF55BF /* KeyboardViewController.swift */,
				EC173C2D19CCAEF300FF55BF /* Supporting Files */,
			);
			path = CustomKeyboard;
			sourceTree = "<group>";
		};
		EC173C2D19CCAEF300FF55BF /* Supporting Files */ = {
			isa = PBXGroup;
			children = (
				EC173C2E19CCAEF300FF55BF /* Info.plist */,
			);
			name = "Supporting Files";
			sourceTree = "<group>";
		};
/* End PBXGroup section */

/* Begin PBXNativeTarget section */
		EC173C0119CCAEE300FF55BF /* CustomKeyboardSample */ = {
			isa = PBXNativeTarget;
			buildConfigurationList = EC173C2119CCAEE300FF55BF /* Build configuration list for PBXNativeTarget "CustomKeyboardSample" */;
			buildPhases = (
				EC173BFE19CCAEE300FF55BF /* Sources */,
				EC173BFF19CCAEE300FF55BF /* Frameworks */,
				EC173C0019CCAEE300FF55BF /* Resources */,
				EC173C3919CCAEF300FF55BF /* Embed App Extensions */,
			);
			buildRules = (
			);
			dependencies = (
				EC173C3219CCAEF300FF55BF /* PBXTargetDependency */,
				EC173C3519CCAEF300FF55BF /* PBXTargetDependency */,
			);
			name = CustomKeyboardSample;
			productName = CustomKeyboardSample;
			productReference = EC173C0219CCAEE300FF55BF /* CustomKeyboardSample.app */;
			productType = "com.apple.product-type.application";
		};
		EC173C1619CCAEE300FF55BF /* CustomKeyboardSampleTests */ = {
			isa = PBXNativeTarget;
			buildConfigurationList = EC173C2419CCAEE300FF55BF /* Build configuration list for PBXNativeTarget "CustomKeyboardSampleTests" */;
			buildPhases = (
				EC173C1319CCAEE300FF55BF /* Sources */,
				EC173C1419CCAEE300FF55BF /* Frameworks */,
				EC173C1519CCAEE300FF55BF /* Resources */,
			);
			buildRules = (
			);
			dependencies = (
				EC173C1919CCAEE300FF55BF /* PBXTargetDependency */,
			);
			name = CustomKeyboardSampleTests;
			productName = CustomKeyboardSampleTests;
			productReference = EC173C1719CCAEE300FF55BF /* CustomKeyboardSampleTests.xctest */;
			productType = "com.apple.product-type.bundle.unit-test";
		};
		EC173C2A19CCAEF300FF55BF /* CustomKeyboard */ = {
			isa = PBXNativeTarget;
			buildConfigurationList = EC173C3619CCAEF300FF55BF /* Build configuration list for PBXNativeTarget "CustomKeyboard" */;
			buildPhases = (
				EC173C2719CCAEF300FF55BF /* Sources */,
				EC173C2819CCAEF300FF55BF /* Frameworks */,
				EC173C2919CCAEF300FF55BF /* Resources */,
			);
			buildRules = (
			);
			dependencies = (
			);
			name = CustomKeyboard;
			productName = CustomKeyboard;
			productReference = EC173C2B19CCAEF300FF55BF /* CustomKeyboard.appex */;
			productType = "com.apple.product-type.app-extension";
		};
/* End PBXNativeTarget section */

/* Begin PBXProject section */
		EC173BFA19CCAEE300FF55BF /* Project object */ = {
			isa = PBXProject;
			attributes = {
				LastUpgradeCheck = 0600;
				ORGANIZATIONNAME = "App Design Vault";
				TargetAttributes = {
					EC173C0119CCAEE300FF55BF = {
						CreatedOnToolsVersion = 6.0;
					};
					EC173C1619CCAEE300FF55BF = {
						CreatedOnToolsVersion = 6.0;
						TestTargetID = EC173C0119CCAEE300FF55BF;
					};
					EC173C2A19CCAEF300FF55BF = {
						CreatedOnToolsVersion = 6.0;
					};
				};
			};
			buildConfigurationList = EC173BFD19CCAEE300FF55BF /* Build configuration list for PBXProject "CustomKeyboardSample" */;
			compatibilityVersion = "Xcode 3.2";
			developmentRegion = English;
			hasScannedForEncodings = 0;
			knownRegions = (
				en,
				Base,
			);
			mainGroup = EC173BF919CCAEE300FF55BF;
			productRefGroup = EC173C0319CCAEE300FF55BF /* Products */;
			projectDirPath = "";
			projectRoot = "";
			targets = (
				EC173C0119CCAEE300FF55BF /* CustomKeyboardSample */,
				EC173C1619CCAEE300FF55BF /* CustomKeyboardSampleTests */,
				EC173C2A19CCAEF300FF55BF /* CustomKeyboard */,
			);
		};
/* End PBXProject section */

/* Begin PBXResourcesBuildPhase section */
		EC173C0019CCAEE300FF55BF /* Resources */ = {
			isa = PBXResourcesBuildPhase;
			buildActionMask = 2147483647;
			files = (
				EC173C0D19CCAEE300FF55BF /* Main.storyboard in Resources */,
				EC173C1219CCAEE300FF55BF /* LaunchScreen.xib in Resources */,
				EC173C0F19CCAEE300FF55BF /* Images.xcassets in Resources */,
			);
			runOnlyForDeploymentPostprocessing = 0;
		};
		EC173C1519CCAEE300FF55BF /* Resources */ = {
			isa = PBXResourcesBuildPhase;
			buildActionMask = 2147483647;
			files = (
			);
			runOnlyForDeploymentPostprocessing = 0;
		};
		EC173C2919CCAEF300FF55BF /* Resources */ = {
			isa = PBXResourcesBuildPhase;
			buildActionMask = 2147483647;
			files = (
			);
			runOnlyForDeploymentPostprocessing = 0;
		};
/* End PBXResourcesBuildPhase section */

/* Begin PBXSourcesBuildPhase section */
		EC173BFE19CCAEE300FF55BF /* Sources */ = {
			isa = PBXSourcesBuildPhase;
			buildActionMask = 2147483647;
			files = (
				EC173C0A19CCAEE300FF55BF /* ViewController.swift in Sources */,
				EC173C0819CCAEE300FF55BF /* AppDelegate.swift in Sources */,
			);
			runOnlyForDeploymentPostprocessing = 0;
		};
		EC173C1319CCAEE300FF55BF /* Sources */ = {
			isa = PBXSourcesBuildPhase;
			buildActionMask = 2147483647;
			files = (
				EC173C1E19CCAEE300FF55BF /* CustomKeyboardSampleTests.swift in Sources */,
			);
			runOnlyForDeploymentPostprocessing = 0;
		};
		EC173C2719CCAEF300FF55BF /* Sources */ = {
			isa = PBXSourcesBuildPhase;
			buildActionMask = 2147483647;
			files = (
				EC173C3019CCAEF300FF55BF /* KeyboardViewController.swift in Sources */,
			);
			runOnlyForDeploymentPostprocessing = 0;
		};
/* End PBXSourcesBuildPhase section */

/* Begin PBXTargetDependency section */
		EC173C1919CCAEE300FF55BF /* PBXTargetDependency */ = {
			isa = PBXTargetDependency;
			target = EC173C0119CCAEE300FF55BF /* CustomKeyboardSample */;
			targetProxy = EC173C1819CCAEE300FF55BF /* PBXContainerItemProxy */;
		};
		EC173C3219CCAEF300FF55BF /* PBXTargetDependency */ = {
			isa = PBXTargetDependency;
			target = EC173C2A19CCAEF300FF55BF /* CustomKeyboard */;
			targetProxy = EC173C3119CCAEF300FF55BF /* PBXContainerItemProxy */;
		};
		EC173C3519CCAEF300FF55BF /* PBXTargetDependency */ = {
			isa = PBXTargetDependency;
			target = EC173C2A19CCAEF300FF55BF /* CustomKeyboard */;
			targetProxy = EC173C3419CCAEF300FF55BF /* PBXContainerItemProxy */;
		};
/* End PBXTargetDependency section */

/* Begin PBXVariantGroup section */
		EC173C0B19CCAEE300FF55BF /* Main.storyboard */ = {
			isa = PBXVariantGroup;
			children = (
				EC173C0C19CCAEE300FF55BF /* Base */,
			);
			name = Main.storyboard;
			sourceTree = "<group>";
		};
		EC173C1019CCAEE300FF55BF /* LaunchScreen.xib */ = {
			isa = PBXVariantGroup;
			children = (
				EC173C1119CCAEE300FF55BF /* Base */,
			);
			name = LaunchScreen.xib;
			sourceTree = "<group>";
		};
/* End PBXVariantGroup section */

/* Begin XCBuildConfiguration section */
		EC173C1F19CCAEE300FF55BF /* Debug */ = {
			isa = XCBuildConfiguration;
			buildSettings = {
				ALWAYS_SEARCH_USER_PATHS = NO;
				CLANG_CXX_LANGUAGE_STANDARD = "gnu++0x";
				CLANG_CXX_LIBRARY = "libc++";
				CLANG_ENABLE_MODULES = YES;
				CLANG_ENABLE_OBJC_ARC = YES;
				CLANG_WARN_BOOL_CONVERSION = YES;
				CLANG_WARN_CONSTANT_CONVERSION = YES;
				CLANG_WARN_DIRECT_OBJC_ISA_USAGE = YES_ERROR;
				CLANG_WARN_EMPTY_BODY = YES;
				CLANG_WARN_ENUM_CONVERSION = YES;
				CLANG_WARN_INT_CONVERSION = YES;
				CLANG_WARN_OBJC_ROOT_CLASS = YES_ERROR;
				CLANG_WARN_UNREACHABLE_CODE = YES;
				CLANG_WARN__DUPLICATE_METHOD_MATCH = YES;
				"CODE_SIGN_IDENTITY[sdk=iphoneos*]" = "iPhone Developer";
				COPY_PHASE_STRIP = NO;
				ENABLE_STRICT_OBJC_MSGSEND = YES;
				GCC_C_LANGUAGE_STANDARD = gnu99;
				GCC_DYNAMIC_NO_PIC = NO;
				GCC_OPTIMIZATION_LEVEL = 0;
				GCC_PREPROCESSOR_DEFINITIONS = (
					"DEBUG=1",
					"$(inherited)",
				);
				GCC_SYMBOLS_PRIVATE_EXTERN = NO;
				GCC_WARN_64_TO_32_BIT_CONVERSION = YES;
				GCC_WARN_ABOUT_RETURN_TYPE = YES_ERROR;
				GCC_WARN_UNDECLARED_SELECTOR = YES;
				GCC_WARN_UNINITIALIZED_AUTOS = YES_AGGRESSIVE;
				GCC_WARN_UNUSED_FUNCTION = YES;
				GCC_WARN_UNUSED_VARIABLE = YES;
				IPHONEOS_DEPLOYMENT_TARGET = 8.0;
				MTL_ENABLE_DEBUG_INFO = YES;
				ONLY_ACTIVE_ARCH = YES;
				SDKROOT = iphoneos;
				SWIFT_OPTIMIZATION_LEVEL = "-Onone";
			};
			name = Debug;
		};
		EC173C2019CCAEE300FF55BF /* Release */ = {
			isa = XCBuildConfiguration;
			buildSettings = {
				ALWAYS_SEARCH_USER_PATHS = NO;
				CLANG_CXX_LANGUAGE_STANDARD = "gnu++0x";
				CLANG_CXX_LIBRARY = "libc++";
				CLANG_ENABLE_MODULES = YES;
				CLANG_ENABLE_OBJC_ARC = YES;
				CLANG_WARN_BOOL_CONVERSION = YES;
				CLANG_WARN_CONSTANT_CONVERSION = YES;
				CLANG_WARN_DIRECT_OBJC_ISA_USAGE = YES_ERROR;
				CLANG_WARN_EMPTY_BODY = YES;
				CLANG_WARN_ENUM_CONVERSION = YES;
				CLANG_WARN_INT_CONVERSION = YES;
				CLANG_WARN_OBJC_ROOT_CLASS = YES_ERROR;
				CLANG_WARN_UNREACHABLE_CODE = YES;
				CLANG_WARN__DUPLICATE_METHOD_MATCH = YES;
				"CODE_SIGN_IDENTITY[sdk=iphoneos*]" = "iPhone Developer";
				COPY_PHASE_STRIP = YES;
				ENABLE_NS_ASSERTIONS = NO;
				ENABLE_STRICT_OBJC_MSGSEND = YES;
				GCC_C_LANGUAGE_STANDARD = gnu99;
				GCC_WARN_64_TO_32_BIT_CONVERSION = YES;
				GCC_WARN_ABOUT_RETURN_TYPE = YES_ERROR;
				GCC_WARN_UNDECLARED_SELECTOR = YES;
				GCC_WARN_UNINITIALIZED_AUTOS = YES_AGGRESSIVE;
				GCC_WARN_UNUSED_FUNCTION = YES;
				GCC_WARN_UNUSED_VARIABLE = YES;
				IPHONEOS_DEPLOYMENT_TARGET = 8.0;
				MTL_ENABLE_DEBUG_INFO = NO;
				SDKROOT = iphoneos;
				VALIDATE_PRODUCT = YES;
			};
			name = Release;
		};
		EC173C2219CCAEE300FF55BF /* Debug */ = {
			isa = XCBuildConfiguration;
			buildSettings = {
				ASSETCATALOG_COMPILER_APPICON_NAME = AppIcon;
				INFOPLIST_FILE = CustomKeyboardSample/Info.plist;
				LD_RUNPATH_SEARCH_PATHS = "$(inherited) @executable_path/Frameworks";
				PRODUCT_NAME = "$(TARGET_NAME)";
			};
			name = Debug;
		};
		EC173C2319CCAEE300FF55BF /* Release */ = {
			isa = XCBuildConfiguration;
			buildSettings = {
				ASSETCATALOG_COMPILER_APPICON_NAME = AppIcon;
				INFOPLIST_FILE = CustomKeyboardSample/Info.plist;
				LD_RUNPATH_SEARCH_PATHS = "$(inherited) @executable_path/Frameworks";
				PRODUCT_NAME = "$(TARGET_NAME)";
			};
			name = Release;
		};
		EC173C2519CCAEE300FF55BF /* Debug */ = {
			isa = XCBuildConfiguration;
			buildSettings = {
				BUNDLE_LOADER = "$(TEST_HOST)";
				FRAMEWORK_SEARCH_PATHS = (
					"$(SDKROOT)/Developer/Library/Frameworks",
					"$(inherited)",
				);
				GCC_PREPROCESSOR_DEFINITIONS = (
					"DEBUG=1",
					"$(inherited)",
				);
				INFOPLIST_FILE = CustomKeyboardSampleTests/Info.plist;
				LD_RUNPATH_SEARCH_PATHS = "$(inherited) @executable_path/Frameworks @loader_path/Frameworks";
				PRODUCT_NAME = "$(TARGET_NAME)";
				TEST_HOST = "$(BUILT_PRODUCTS_DIR)/CustomKeyboardSample.app/CustomKeyboardSample";
			};
			name = Debug;
		};
		EC173C2619CCAEE300FF55BF /* Release */ = {
			isa = XCBuildConfiguration;
			buildSettings = {
				BUNDLE_LOADER = "$(TEST_HOST)";
				FRAMEWORK_SEARCH_PATHS = (
					"$(SDKROOT)/Developer/Library/Frameworks",
					"$(inherited)",
				);
				INFOPLIST_FILE = CustomKeyboardSampleTests/Info.plist;
				LD_RUNPATH_SEARCH_PATHS = "$(inherited) @executable_path/Frameworks @loader_path/Frameworks";
				PRODUCT_NAME = "$(TARGET_NAME)";
				TEST_HOST = "$(BUILT_PRODUCTS_DIR)/CustomKeyboardSample.app/CustomKeyboardSample";
			};
			name = Release;
		};
		EC173C3719CCAEF300FF55BF /* Debug */ = {
			isa = XCBuildConfiguration;
			buildSettings = {
				GCC_PREPROCESSOR_DEFINITIONS = (
					"DEBUG=1",
					"$(inherited)",
				);
				INFOPLIST_FILE = CustomKeyboard/Info.plist;
				LD_RUNPATH_SEARCH_PATHS = "$(inherited) @executable_path/Frameworks @executable_path/../../Frameworks";
				PRODUCT_NAME = "$(TARGET_NAME)";
				SKIP_INSTALL = YES;
			};
			name = Debug;
		};
		EC173C3819CCAEF300FF55BF /* Release */ = {
			isa = XCBuildConfiguration;
			buildSettings = {
				INFOPLIST_FILE = CustomKeyboard/Info.plist;
				LD_RUNPATH_SEARCH_PATHS = "$(inherited) @executable_path/Frameworks @executable_path/../../Frameworks";
				PRODUCT_NAME = "$(TARGET_NAME)";
				SKIP_INSTALL = YES;
			};
			name = Release;
		};
/* End XCBuildConfiguration section */

/* Begin XCConfigurationList section */
		EC173BFD19CCAEE300FF55BF /* Build configuration list for PBXProject "CustomKeyboardSample" */ = {
			isa = XCConfigurationList;
			buildConfigurations = (
				EC173C1F19CCAEE300FF55BF /* Debug */,
				EC173C2019CCAEE300FF55BF /* Release */,
			);
			defaultConfigurationIsVisible = 0;
			defaultConfigurationName = Release;
		};
		EC173C2119CCAEE300FF55BF /* Build configuration list for PBXNativeTarget "CustomKeyboardSample" */ = {
			isa = XCConfigurationList;
			buildConfigurations = (
				EC173C2219CCAEE300FF55BF /* Debug */,
				EC173C2319CCAEE300FF55BF /* Release */,
			);
			defaultConfigurationIsVisible = 0;
		};
		EC173C2419CCAEE300FF55BF /* Build configuration list for PBXNativeTarget "CustomKeyboardSampleTests" */ = {
			isa = XCConfigurationList;
			buildConfigurations = (
				EC173C2519CCAEE300FF55BF /* Debug */,
				EC173C2619CCAEE300FF55BF /* Release */,
			);
			defaultConfigurationIsVisible = 0;
		};
		EC173C3619CCAEF300FF55BF /* Build configuration list for PBXNativeTarget "CustomKeyboard" */ = {
			isa = XCConfigurationList;
			buildConfigurations = (
				EC173C3719CCAEF300FF55BF /* Debug */,
				EC173C3819CCAEF300FF55BF /* Release */,
			);
			defaultConfigurationIsVisible = 0;
		};
/* End XCConfigurationList section */
	};
	rootObject = EC173BFA19CCAEE300FF55BF /* Project object */;
}
